
Microsoft Visual Studio Solution File, Format Version 11.00
# Visual Studio 2010
Project("{FAE04EC0-301F-11D3-BF4B-00C04F79EFBC}") = "ERP.Logistica", "ERP.Logistica\ERP.Logistica.csproj", "{83028B10-BBD3-412F-B1B1-C2A2937D50C2}"
EndProject
Project("{FAE04EC0-301F-11D3-BF4B-00C04F79EFBC}") = "ERP.Logistica.Models", "ERP.Logistica.Models\ERP.Logistica.Models.csproj", "{94185F33-8564-4545-AC6A-9772DD59A4EE}"
EndProject
Project("{FAE04EC0-301F-11D3-BF4B-00C04F79EFBC}") = "ERP.Logistica.Controllers", "ERP.Logistica.Controllers\ERP.Logistica.Controllers.csproj", "{B446EBA1-CED2-4022-AEDA-7B82D9C83A99}"
EndProject
Global
	GlobalSection(SolutionConfigurationPlatforms) = preSolution
		Debug|Any CPU = Debug|Any CPU
		Release|Any CPU = Release|Any CPU
	EndGlobalSection
	GlobalSection(ProjectConfigurationPlatforms) = postSolution
		{83028B10-BBD3-412F-B1B1-C2A2937D50C2}.Debug|Any CPU.ActiveCfg = Debug|Any CPU
		{83028B10-BBD3-412F-B1B1-C2A2937D50C2}.Debug|Any CPU.Build.0 = Debug|Any CPU
		{83028B10-BBD3-412F-B1B1-C2A2937D50C2}.Release|Any CPU.ActiveCfg = Release|Any CPU
		{83028B10-BBD3-412F-B1B1-C2A2937D50C2}.Release|Any CPU.Build.0 = Release|Any CPU
		{94185F33-8564-4545-AC6A-9772DD59A4EE}.Debug|Any CPU.ActiveCfg = Debug|Any CPU
		{94185F33-8564-4545-AC6A-9772DD59A4EE}.Debug|Any CPU.Build.0 = Debug|Any CPU
		{94185F33-8564-4545-AC6A-9772DD59A4EE}.Release|Any CPU.ActiveCfg = Release|Any CPU
		{94185F33-8564-4545-AC6A-9772DD59A4EE}.Release|Any CPU.Build.0 = Release|Any CPU
		{B446EBA1-CED2-4022-AEDA-7B82D9C83A99}.Debug|Any CPU.ActiveCfg = Debug|Any CPU
		{B446EBA1-CED2-4022-AEDA-7B82D9C83A99}.Debug|Any CPU.Build.0 = Debug|Any CPU
		{B446EBA1-CED2-4022-AEDA-7B82D9C83A99}.Release|Any CPU.ActiveCfg = Release|Any CPU
		{B446EBA1-CED2-4022-AEDA-7B82D9C83A99}.Release|Any CPU.Build.0 = Release|Any CPU
	EndGlobalSection
	GlobalSection(SolutionProperties) = preSolution
		HideSolutionNode = FALSE
	EndGlobalSection
EndGlobal
